
Microsoft Visual Studio Solution File, Format Version 12.00
# Visual Studio Version 17
VisualStudioVersion = 17.9.34714.143
MinimumVisualStudioVersion = 10.0.40219.1
Project("{FAE04EC0-301F-11D3-BF4B-00C04F79EFBC}") = "Cadmus.Febo.Services", "Cadmus.Febo.Services\Cadmus.Febo.Services.csproj", "{5EFB7649-675A-4AA2-8C38-98244CBFBCB6}"
EndProject
Project("{2150E333-8FDC-42A3-9474-1A3956D46DE8}") = "Solution Items", "Solution Items", "{BD8B13B9-AAC5-4474-9534-5C59BC05F958}"
	ProjectSection(SolutionItems) = preProject
		Cli.ps1 = Cli.ps1
		Pack.bat = Pack.bat
		Push.bat = Push.bat
		PushLocal.bat = PushLocal.bat
		README.md = README.md
	EndProjectSection
EndProject
Global
	GlobalSection(SolutionConfigurationPlatforms) = preSolution
		Debug|Any CPU = Debug|Any CPU
		Release|Any CPU = Release|Any CPU
	EndGlobalSection
	GlobalSection(ProjectConfigurationPlatforms) = postSolution
		{5EFB7649-675A-4AA2-8C38-98244CBFBCB6}.Debug|Any CPU.ActiveCfg = Debug|Any CPU
		{5EFB7649-675A-4AA2-8C38-98244CBFBCB6}.Debug|Any CPU.Build.0 = Debug|Any CPU
		{5EFB7649-675A-4AA2-8C38-98244CBFBCB6}.Release|Any CPU.ActiveCfg = Release|Any CPU
		{5EFB7649-675A-4AA2-8C38-98244CBFBCB6}.Release|Any CPU.Build.0 = Release|Any CPU
	EndGlobalSection
	GlobalSection(SolutionProperties) = preSolution
		HideSolutionNode = FALSE
	EndGlobalSection
	GlobalSection(ExtensibilityGlobals) = postSolution
		SolutionGuid = {F63C3046-BA07-4066-9B95-E9BDDB0F77AD}
	EndGlobalSection
EndGlobal
